
Microsoft Visual Studio Solution File, Format Version 12.00
# Visual Studio Version 16
VisualStudioVersion = 16.0.28922.388
MinimumVisualStudioVersion = 10.0.40219.1
Project("{2150E333-8FDC-42A3-9474-1A3956D46DE8}") = "Source", "Source", "{9BE2689D-04D0-4F63-B137-06BF66DDA6A7}"
EndProject
Project("{2150E333-8FDC-42A3-9474-1A3956D46DE8}") = "Test", "Test", "{F0225805-348C-49A5-9C72-CA0F3DCBBA74}"
EndProject
Project("{FAE04EC0-301F-11D3-BF4B-00C04F79EFBC}") = "StandardRepository", "Sources\StandardRepository\StandardRepository.csproj", "{B33ED6B6-97FB-4047-88FB-001A166686AA}"
EndProject
Project("{FAE04EC0-301F-11D3-BF4B-00C04F79EFBC}") = "StandardRepository.Tests", "Tests\StandardRepository.Tests\StandardRepository.Tests.csproj", "{016E8EC7-F5CE-4EAC-B086-B5C099C6BA85}"
EndProject
Global
	GlobalSection(SolutionConfigurationPlatforms) = preSolution
		Debug|Any CPU = Debug|Any CPU
		Release|Any CPU = Release|Any CPU
	EndGlobalSection
	GlobalSection(ProjectConfigurationPlatforms) = postSolution
		{B33ED6B6-97FB-4047-88FB-001A166686AA}.Debug|Any CPU.ActiveCfg = Debug|Any CPU
		{B33ED6B6-97FB-4047-88FB-001A166686AA}.Debug|Any CPU.Build.0 = Debug|Any CPU
		{B33ED6B6-97FB-4047-88FB-001A166686AA}.Release|Any CPU.ActiveCfg = Release|Any CPU
		{B33ED6B6-97FB-4047-88FB-001A166686AA}.Release|Any CPU.Build.0 = Release|Any CPU
		{016E8EC7-F5CE-4EAC-B086-B5C099C6BA85}.Debug|Any CPU.ActiveCfg = Debug|Any CPU
		{016E8EC7-F5CE-4EAC-B086-B5C099C6BA85}.Debug|Any CPU.Build.0 = Debug|Any CPU
		{016E8EC7-F5CE-4EAC-B086-B5C099C6BA85}.Release|Any CPU.ActiveCfg = Release|Any CPU
		{016E8EC7-F5CE-4EAC-B086-B5C099C6BA85}.Release|Any CPU.Build.0 = Release|Any CPU
	EndGlobalSection
	GlobalSection(SolutionProperties) = preSolution
		HideSolutionNode = FALSE
	EndGlobalSection
	GlobalSection(NestedProjects) = preSolution
		{B33ED6B6-97FB-4047-88FB-001A166686AA} = {9BE2689D-04D0-4F63-B137-06BF66DDA6A7}
		{016E8EC7-F5CE-4EAC-B086-B5C099C6BA85} = {F0225805-348C-49A5-9C72-CA0F3DCBBA74}
	EndGlobalSection
	GlobalSection(ExtensibilityGlobals) = postSolution
		SolutionGuid = {4EDAADEA-9A55-4D96-B353-0B960F3A6AA4}
	EndGlobalSection
EndGlobal
